
Microsoft Visual Studio Solution File, Format Version 12.00
# Visual Studio 15
VisualStudioVersion = 15.0.27004.2005
MinimumVisualStudioVersion = 10.0.40219.1
Project("{FAE04EC0-301F-11D3-BF4B-00C04F79EFBC}") = "SearchIMG", "SearchIMG\SearchIMG.csproj", "{E08C23E1-F9A2-4685-A535-2D12FB5366A8}"
EndProject
Project("{FAE04EC0-301F-11D3-BF4B-00C04F79EFBC}") = "SearchIMG.Tests", "SearchIMG.Tests\SearchIMG.Tests.csproj", "{1961E7B6-CD89-4BE5-9D79-716BAD6D9CAE}"
EndProject
Global
	GlobalSection(SolutionConfigurationPlatforms) = preSolution
		Debug|Any CPU = Debug|Any CPU
		Release|Any CPU = Release|Any CPU
	EndGlobalSection
	GlobalSection(ProjectConfigurationPlatforms) = postSolution
		{E08C23E1-F9A2-4685-A535-2D12FB5366A8}.Debug|Any CPU.ActiveCfg = Debug|Any CPU
		{E08C23E1-F9A2-4685-A535-2D12FB5366A8}.Debug|Any CPU.Build.0 = Debug|Any CPU
		{E08C23E1-F9A2-4685-A535-2D12FB5366A8}.Release|Any CPU.ActiveCfg = Release|Any CPU
		{E08C23E1-F9A2-4685-A535-2D12FB5366A8}.Release|Any CPU.Build.0 = Release|Any CPU
		{1961E7B6-CD89-4BE5-9D79-716BAD6D9CAE}.Debug|Any CPU.ActiveCfg = Debug|Any CPU
		{1961E7B6-CD89-4BE5-9D79-716BAD6D9CAE}.Debug|Any CPU.Build.0 = Debug|Any CPU
		{1961E7B6-CD89-4BE5-9D79-716BAD6D9CAE}.Release|Any CPU.ActiveCfg = Release|Any CPU
		{1961E7B6-CD89-4BE5-9D79-716BAD6D9CAE}.Release|Any CPU.Build.0 = Release|Any CPU
	EndGlobalSection
	GlobalSection(SolutionProperties) = preSolution
		HideSolutionNode = FALSE
	EndGlobalSection
	GlobalSection(ExtensibilityGlobals) = postSolution
		SolutionGuid = {B5F0E7DC-3CFA-4DBB-BCE2-F0F31969E2DF}
	EndGlobalSection
EndGlobal
